
Microsoft Visual Studio Solution File, Format Version 12.00
# Visual Studio Version 17
VisualStudioVersion = 17.0.31903.59
MinimumVisualStudioVersion = 10.0.40219.1
Project("{FAE04EC0-301F-11D3-BF4B-00C04F79EFBC}") = "Mel.DotnetWebService.Api", "Mel.DotnetWebService.Api\Mel.DotnetWebService.Api.csproj", "{44EC00E4-1D47-4038-ADDB-BB5D46130657}"
EndProject
Project("{FAE04EC0-301F-11D3-BF4B-00C04F79EFBC}") = "Mel.DotnetWebService.Tests.FearlessProgramming", "Mel.DotnetWebService.Tests.FearlessProgramming\Mel.DotnetWebService.Tests.FearlessProgramming.csproj", "{C5A33519-1AE0-4B6F-A554-B14B99410666}"
EndProject
Global
	GlobalSection(SolutionConfigurationPlatforms) = preSolution
		Debug|Any CPU = Debug|Any CPU
		Release|Any CPU = Release|Any CPU
	EndGlobalSection
	GlobalSection(SolutionProperties) = preSolution
		HideSolutionNode = FALSE
	EndGlobalSection
	GlobalSection(ProjectConfigurationPlatforms) = postSolution
		{44EC00E4-1D47-4038-ADDB-BB5D46130657}.Debug|Any CPU.ActiveCfg = Debug|Any CPU
		{44EC00E4-1D47-4038-ADDB-BB5D46130657}.Debug|Any CPU.Build.0 = Debug|Any CPU
		{44EC00E4-1D47-4038-ADDB-BB5D46130657}.Release|Any CPU.ActiveCfg = Release|Any CPU
		{44EC00E4-1D47-4038-ADDB-BB5D46130657}.Release|Any CPU.Build.0 = Release|Any CPU
		{C5A33519-1AE0-4B6F-A554-B14B99410666}.Debug|Any CPU.ActiveCfg = Debug|Any CPU
		{C5A33519-1AE0-4B6F-A554-B14B99410666}.Debug|Any CPU.Build.0 = Debug|Any CPU
		{C5A33519-1AE0-4B6F-A554-B14B99410666}.Release|Any CPU.ActiveCfg = Release|Any CPU
		{C5A33519-1AE0-4B6F-A554-B14B99410666}.Release|Any CPU.Build.0 = Release|Any CPU
	EndGlobalSection
EndGlobal
